// !$*UTF8*$!
{
	archiveVersion = 1;
	classes = {
	};
	objectVersion = 50;
	objects = {

/* Begin PBXBuildFile section */
		01EEADBFF503BAF74DCF3733 /* libPods-LiveOnMars-LiveOnMarsUITests.a in Frameworks */ = {isa = PBXBuildFile; fileRef = A60510A35750C51922D89F9F /* libPods-LiveOnMars-LiveOnMarsUITests.a */; };
		14E5CAC02045202457962C4D /* libPods-LiveOnMars.a in Frameworks */ = {isa = PBXBuildFile; fileRef = E43A2B86DFCD2778952A4493 /* libPods-LiveOnMars.a */; };
		49031AF9250804AD00EA084D /* LiveOnMarsApp.swift in Sources */ = {isa = PBXBuildFile; fileRef = 49031AF8250804AD00EA084D /* LiveOnMarsApp.swift */; };
		49031AFB250804AD00EA084D /* ContentView.swift in Sources */ = {isa = PBXBuildFile; fileRef = 49031AFA250804AD00EA084D /* ContentView.swift */; };
		49031AFD250804AD00EA084D /* Assets.xcassets in Resources */ = {isa = PBXBuildFile; fileRef = 49031AFC250804AD00EA084D /* Assets.xcassets */; };
		49031B00250804AD00EA084D /* Preview Assets.xcassets in Resources */ = {isa = PBXBuildFile; fileRef = 49031AFF250804AD00EA084D /* Preview Assets.xcassets */; };
		49031B0B250804AE00EA084D /* LiveOnMarsTests.swift in Sources */ = {isa = PBXBuildFile; fileRef = 49031B0A250804AE00EA084D /* LiveOnMarsTests.swift */; };
		49031B16250804AE00EA084D /* LiveOnMarsUITests.swift in Sources */ = {isa = PBXBuildFile; fileRef = 49031B15250804AE00EA084D /* LiveOnMarsUITests.swift */; };
		49031B2425091A3A00EA084D /* NewsView.swift in Sources */ = {isa = PBXBuildFile; fileRef = 49031B2325091A3A00EA084D /* NewsView.swift */; };
		49031B2625091AB200EA084D /* PhotoView.swift in Sources */ = {isa = PBXBuildFile; fileRef = 49031B2525091AB200EA084D /* PhotoView.swift */; };
		491AD09C257F1E5F006151E8 /* ArticleView.swift in Sources */ = {isa = PBXBuildFile; fileRef = 491AD09B257F1E5F006151E8 /* ArticleView.swift */; };
		49322911258C07F000601CEC /* NASAImageView.swift in Sources */ = {isa = PBXBuildFile; fileRef = 49322910258C07F000601CEC /* NASAImageView.swift */; };
		49322920258C276100601CEC /* PhotoAPIResponse.swift in Sources */ = {isa = PBXBuildFile; fileRef = 4932291F258C276100601CEC /* PhotoAPIResponse.swift */; };
		4932293D258C3B5600601CEC /* DisplayPhotosView.swift in Sources */ = {isa = PBXBuildFile; fileRef = 4932293C258C3B5600601CEC /* DisplayPhotosView.swift */; };
		4943AF27257DAD1B00AEB63F /* MarsImageModel.swift in Sources */ = {isa = PBXBuildFile; fileRef = 4943AF26257DAD1B00AEB63F /* MarsImageModel.swift */; };
		4943AF2D257DB01A00AEB63F /* MarsImageItem.swift in Sources */ = {isa = PBXBuildFile; fileRef = 4943AF2C257DB01A00AEB63F /* MarsImageItem.swift */; };
		4943AF38257DC02200AEB63F /* NewsItemView.swift in Sources */ = {isa = PBXBuildFile; fileRef = 4943AF37257DC02200AEB63F /* NewsItemView.swift */; };
		494E9706258A6E8000BC14F9 /* WebViewWrapper.swift in Sources */ = {isa = PBXBuildFile; fileRef = 494E9705258A6E8000BC14F9 /* WebViewWrapper.swift */; };
		494E970B258A799100BC14F9 /* WebViewStateModel.swift in Sources */ = {isa = PBXBuildFile; fileRef = 494E970A258A799100BC14F9 /* WebViewStateModel.swift */; };
		494E9713258A79C200BC14F9 /* WebView.swift in Sources */ = {isa = PBXBuildFile; fileRef = 494E9712258A79C200BC14F9 /* WebView.swift */; };
		495EA3D925522C6200916474 /* ImageModel.swift in Sources */ = {isa = PBXBuildFile; fileRef = 495EA3D825522C6200916474 /* ImageModel.swift */; };
		499F163B254CF11F00561450 /* NewsModel.swift in Sources */ = {isa = PBXBuildFile; fileRef = 499F163A254CF11F00561450 /* NewsModel.swift */; };
		49A2BF43255349340047384B /* ImageCache.swift in Sources */ = {isa = PBXBuildFile; fileRef = 49A2BF42255349340047384B /* ImageCache.swift */; };
		49A2BF48255349CC0047384B /* NewsAPIResponse.swift in Sources */ = {isa = PBXBuildFile; fileRef = 49A2BF47255349CC0047384B /* NewsAPIResponse.swift */; };
		49A2BF4D255349EE0047384B /* NewsListItem.swift in Sources */ = {isa = PBXBuildFile; fileRef = 49A2BF4C255349EE0047384B /* NewsListItem.swift */; };
		49FED0D42550D0D90012B978 /* URLImageView.swift in Sources */ = {isa = PBXBuildFile; fileRef = 49FED0D32550D0D90012B978 /* URLImageView.swift */; };
		49FED0DA2550D3940012B978 /* newsPlaceholder.png in Resources */ = {isa = PBXBuildFile; fileRef = 49FED0D92550D3940012B978 /* newsPlaceholder.png */; };
		49FED0DB2550D3940012B978 /* newsPlaceholder.png in Resources */ = {isa = PBXBuildFile; fileRef = 49FED0D92550D3940012B978 /* newsPlaceholder.png */; };
		49FED0DC2550D3940012B978 /* newsPlaceholder.png in Resources */ = {isa = PBXBuildFile; fileRef = 49FED0D92550D3940012B978 /* newsPlaceholder.png */; };
		55D637D482D7CD6BC115F0E8 /* libPods-LiveOnMarsTests.a in Frameworks */ = {isa = PBXBuildFile; fileRef = F0E9881F59E83810AD6930F4 /* libPods-LiveOnMarsTests.a */; };
/* End PBXBuildFile section */

/* Begin PBXContainerItemProxy section */
		49031B07250804AE00EA084D /* PBXContainerItemProxy */ = {
			isa = PBXContainerItemProxy;
			containerPortal = 49031AED250804AC00EA084D /* Project object */;
			proxyType = 1;
			remoteGlobalIDString = 49031AF4250804AC00EA084D;
			remoteInfo = LiveOnMars;
		};
		49031B12250804AE00EA084D /* PBXContainerItemProxy */ = {
			isa = PBXContainerItemProxy;
			containerPortal = 49031AED250804AC00EA084D /* Project object */;
			proxyType = 1;
			remoteGlobalIDString = 49031AF4250804AC00EA084D;
			remoteInfo = LiveOnMars;
		};
/* End PBXContainerItemProxy section */

/* Begin PBXFileReference section */
		0416EF0C08BAE53DF8AB42ED /* Pods-LiveOnMars.debug.xcconfig */ = {isa = PBXFileReference; includeInIndex = 1; lastKnownFileType = text.xcconfig; name = "Pods-LiveOnMars.debug.xcconfig"; path = "Target Support Files/Pods-LiveOnMars/Pods-LiveOnMars.debug.xcconfig"; sourceTree = "<group>"; };
		2E468AB0DB2276B1A295B43E /* Pods-LiveOnMarsTests.release.xcconfig */ = {isa = PBXFileReference; includeInIndex = 1; lastKnownFileType = text.xcconfig; name = "Pods-LiveOnMarsTests.release.xcconfig"; path = "Target Support Files/Pods-LiveOnMarsTests/Pods-LiveOnMarsTests.release.xcconfig"; sourceTree = "<group>"; };
		39E57A0C1DFD2B8709D85D73 /* Pods-LiveOnMars-LiveOnMarsUITests.release.xcconfig */ = {isa = PBXFileReference; includeInIndex = 1; lastKnownFileType = text.xcconfig; name = "Pods-LiveOnMars-LiveOnMarsUITests.release.xcconfig"; path = "Target Support Files/Pods-LiveOnMars-LiveOnMarsUITests/Pods-LiveOnMars-LiveOnMarsUITests.release.xcconfig"; sourceTree = "<group>"; };
		49031AF5250804AD00EA084D /* LiveOnMars.app */ = {isa = PBXFileReference; explicitFileType = wrapper.application; includeInIndex = 0; path = LiveOnMars.app; sourceTree = BUILT_PRODUCTS_DIR; };
		49031AF8250804AD00EA084D /* LiveOnMarsApp.swift */ = {isa = PBXFileReference; lastKnownFileType = sourcecode.swift; path = LiveOnMarsApp.swift; sourceTree = "<group>"; };
		49031AFA250804AD00EA084D /* ContentView.swift */ = {isa = PBXFileReference; lastKnownFileType = sourcecode.swift; path = ContentView.swift; sourceTree = "<group>"; };
		49031AFC250804AD00EA084D /* Assets.xcassets */ = {isa = PBXFileReference; lastKnownFileType = folder.assetcatalog; path = Assets.xcassets; sourceTree = "<group>"; };
		49031AFF250804AD00EA084D /* Preview Assets.xcassets */ = {isa = PBXFileReference; lastKnownFileType = folder.assetcatalog; path = "Preview Assets.xcassets"; sourceTree = "<group>"; };
		49031B01250804AD00EA084D /* Info.plist */ = {isa = PBXFileReference; lastKnownFileType = text.plist.xml; path = Info.plist; sourceTree = "<group>"; };
		49031B06250804AE00EA084D /* LiveOnMarsTests.xctest */ = {isa = PBXFileReference; explicitFileType = wrapper.cfbundle; includeInIndex = 0; path = LiveOnMarsTests.xctest; sourceTree = BUILT_PRODUCTS_DIR; };
		49031B0A250804AE00EA084D /* LiveOnMarsTests.swift */ = {isa = PBXFileReference; lastKnownFileType = sourcecode.swift; path = LiveOnMarsTests.swift; sourceTree = "<group>"; };
		49031B0C250804AE00EA084D /* Info.plist */ = {isa = PBXFileReference; lastKnownFileType = text.plist.xml; path = Info.plist; sourceTree = "<group>"; };
		49031B11250804AE00EA084D /* LiveOnMarsUITests.xctest */ = {isa = PBXFileReference; explicitFileType = wrapper.cfbundle; includeInIndex = 0; path = LiveOnMarsUITests.xctest; sourceTree = BUILT_PRODUCTS_DIR; };
		49031B15250804AE00EA084D /* LiveOnMarsUITests.swift */ = {isa = PBXFileReference; lastKnownFileType = sourcecode.swift; path = LiveOnMarsUITests.swift; sourceTree = "<group>"; };
		49031B17250804AE00EA084D /* Info.plist */ = {isa = PBXFileReference; lastKnownFileType = text.plist.xml; path = Info.plist; sourceTree = "<group>"; };
		49031B2325091A3A00EA084D /* NewsView.swift */ = {isa = PBXFileReference; lastKnownFileType = sourcecode.swift; path = NewsView.swift; sourceTree = "<group>"; };
		49031B2525091AB200EA084D /* PhotoView.swift */ = {isa = PBXFileReference; lastKnownFileType = sourcecode.swift; path = PhotoView.swift; sourceTree = "<group>"; };
		491AD09B257F1E5F006151E8 /* ArticleView.swift */ = {isa = PBXFileReference; lastKnownFileType = sourcecode.swift; path = ArticleView.swift; sourceTree = "<group>"; };
		49322910258C07F000601CEC /* NASAImageView.swift */ = {isa = PBXFileReference; lastKnownFileType = sourcecode.swift; path = NASAImageView.swift; sourceTree = "<group>"; };
		4932291F258C276100601CEC /* PhotoAPIResponse.swift */ = {isa = PBXFileReference; lastKnownFileType = sourcecode.swift; path = PhotoAPIResponse.swift; sourceTree = "<group>"; };
		4932293C258C3B5600601CEC /* DisplayPhotosView.swift */ = {isa = PBXFileReference; lastKnownFileType = sourcecode.swift; path = DisplayPhotosView.swift; sourceTree = "<group>"; };
		4943AF26257DAD1B00AEB63F /* MarsImageModel.swift */ = {isa = PBXFileReference; lastKnownFileType = sourcecode.swift; path = MarsImageModel.swift; sourceTree = "<group>"; };
		4943AF2C257DB01A00AEB63F /* MarsImageItem.swift */ = {isa = PBXFileReference; lastKnownFileType = sourcecode.swift; path = MarsImageItem.swift; sourceTree = "<group>"; };
		4943AF37257DC02200AEB63F /* NewsItemView.swift */ = {isa = PBXFileReference; lastKnownFileType = sourcecode.swift; path = NewsItemView.swift; sourceTree = "<group>"; };
		494E9705258A6E8000BC14F9 /* WebViewWrapper.swift */ = {isa = PBXFileReference; lastKnownFileType = sourcecode.swift; path = WebViewWrapper.swift; sourceTree = "<group>"; };
		494E970A258A799100BC14F9 /* WebViewStateModel.swift */ = {isa = PBXFileReference; lastKnownFileType = sourcecode.swift; path = WebViewStateModel.swift; sourceTree = SOURCE_ROOT; };
		494E9712258A79C200BC14F9 /* WebView.swift */ = {isa = PBXFileReference; lastKnownFileType = sourcecode.swift; path = WebView.swift; sourceTree = "<group>"; };
		495EA3D825522C6200916474 /* ImageModel.swift */ = {isa = PBXFileReference; lastKnownFileType = sourcecode.swift; path = ImageModel.swift; sourceTree = "<group>"; };
		499F163A254CF11F00561450 /* NewsModel.swift */ = {isa = PBXFileReference; lastKnownFileType = sourcecode.swift; path = NewsModel.swift; sourceTree = "<group>"; };
		49A2BF42255349340047384B /* ImageCache.swift */ = {isa = PBXFileReference; lastKnownFileType = sourcecode.swift; path = ImageCache.swift; sourceTree = "<group>"; };
		49A2BF47255349CC0047384B /* NewsAPIResponse.swift */ = {isa = PBXFileReference; lastKnownFileType = sourcecode.swift; path = NewsAPIResponse.swift; sourceTree = "<group>"; };
		49A2BF4C255349EE0047384B /* NewsListItem.swift */ = {isa = PBXFileReference; lastKnownFileType = sourcecode.swift; path = NewsListItem.swift; sourceTree = "<group>"; };
		49FED0D32550D0D90012B978 /* URLImageView.swift */ = {isa = PBXFileReference; lastKnownFileType = sourcecode.swift; path = URLImageView.swift; sourceTree = "<group>"; };
		49FED0D92550D3940012B978 /* newsPlaceholder.png */ = {isa = PBXFileReference; lastKnownFileType = image.png; path = newsPlaceholder.png; sourceTree = "<group>"; };
		A60510A35750C51922D89F9F /* libPods-LiveOnMars-LiveOnMarsUITests.a */ = {isa = PBXFileReference; explicitFileType = archive.ar; includeInIndex = 0; path = "libPods-LiveOnMars-LiveOnMarsUITests.a"; sourceTree = BUILT_PRODUCTS_DIR; };
		B9425A42B2E1C2AE5BA375C1 /* Pods-LiveOnMarsTests.debug.xcconfig */ = {isa = PBXFileReference; includeInIndex = 1; lastKnownFileType = text.xcconfig; name = "Pods-LiveOnMarsTests.debug.xcconfig"; path = "Target Support Files/Pods-LiveOnMarsTests/Pods-LiveOnMarsTests.debug.xcconfig"; sourceTree = "<group>"; };
		CC6099DBD1BFB060355EFB29 /* Pods-LiveOnMars-LiveOnMarsUITests.debug.xcconfig */ = {isa = PBXFileReference; includeInIndex = 1; lastKnownFileType = text.xcconfig; name = "Pods-LiveOnMars-LiveOnMarsUITests.debug.xcconfig"; path = "Target Support Files/Pods-LiveOnMars-LiveOnMarsUITests/Pods-LiveOnMars-LiveOnMarsUITests.debug.xcconfig"; sourceTree = "<group>"; };
		D4250203B9AF1595A1CFA7DD /* Pods-LiveOnMars.release.xcconfig */ = {isa = PBXFileReference; includeInIndex = 1; lastKnownFileType = text.xcconfig; name = "Pods-LiveOnMars.release.xcconfig"; path = "Target Support Files/Pods-LiveOnMars/Pods-LiveOnMars.release.xcconfig"; sourceTree = "<group>"; };
		E43A2B86DFCD2778952A4493 /* libPods-LiveOnMars.a */ = {isa = PBXFileReference; explicitFileType = archive.ar; includeInIndex = 0; path = "libPods-LiveOnMars.a"; sourceTree = BUILT_PRODUCTS_DIR; };
		F0E9881F59E83810AD6930F4 /* libPods-LiveOnMarsTests.a */ = {isa = PBXFileReference; explicitFileType = archive.ar; includeInIndex = 0; path = "libPods-LiveOnMarsTests.a"; sourceTree = BUILT_PRODUCTS_DIR; };
/* End PBXFileReference section */

/* Begin PBXFrameworksBuildPhase section */
		49031AF2250804AC00EA084D /* Frameworks */ = {
			isa = PBXFrameworksBuildPhase;
			buildActionMask = 2147483647;
			files = (
				14E5CAC02045202457962C4D /* libPods-LiveOnMars.a in Frameworks */,
			);
			runOnlyForDeploymentPostprocessing = 0;
		};
		49031B03250804AE00EA084D /* Frameworks */ = {
			isa = PBXFrameworksBuildPhase;
			buildActionMask = 2147483647;
			files = (
				55D637D482D7CD6BC115F0E8 /* libPods-LiveOnMarsTests.a in Frameworks */,
			);
			runOnlyForDeploymentPostprocessing = 0;
		};
		49031B0E250804AE00EA084D /* Frameworks */ = {
			isa = PBXFrameworksBuildPhase;
			buildActionMask = 2147483647;
			files = (
				01EEADBFF503BAF74DCF3733 /* libPods-LiveOnMars-LiveOnMarsUITests.a in Frameworks */,
			);
			runOnlyForDeploymentPostprocessing = 0;
		};
/* End PBXFrameworksBuildPhase section */

/* Begin PBXGroup section */
		3B066735275412345BCD84A9 /* Pods */ = {
			isa = PBXGroup;
			children = (
				0416EF0C08BAE53DF8AB42ED /* Pods-LiveOnMars.debug.xcconfig */,
				D4250203B9AF1595A1CFA7DD /* Pods-LiveOnMars.release.xcconfig */,
				CC6099DBD1BFB060355EFB29 /* Pods-LiveOnMars-LiveOnMarsUITests.debug.xcconfig */,
				39E57A0C1DFD2B8709D85D73 /* Pods-LiveOnMars-LiveOnMarsUITests.release.xcconfig */,
				B9425A42B2E1C2AE5BA375C1 /* Pods-LiveOnMarsTests.debug.xcconfig */,
				2E468AB0DB2276B1A295B43E /* Pods-LiveOnMarsTests.release.xcconfig */,
			);
			path = Pods;
			sourceTree = "<group>";
		};
		49031AEC250804AC00EA084D = {
			isa = PBXGroup;
			children = (
				49FED0D82550D34D0012B978 /* Assets */,
				494E96FC258A6DDF00BC14F9 /* WebView */,
				4943AF2B257DAFA100AEB63F /* ImageNetworking */,
				49A2BF5425534A3E0047384B /* NetworkingImages */,
				499F1639254CF0FB00561450 /* Network */,
				49031B2725091ABC00EA084D /* Views */,
				49031AF7250804AD00EA084D /* LiveOnMars */,
				49031B09250804AE00EA084D /* LiveOnMarsTests */,
				49031B14250804AE00EA084D /* LiveOnMarsUITests */,
				49031AF6250804AD00EA084D /* Products */,
				3B066735275412345BCD84A9 /* Pods */,
				5A145C687926C781A659F31F /* Frameworks */,
			);
			sourceTree = "<group>";
		};
		49031AF6250804AD00EA084D /* Products */ = {
			isa = PBXGroup;
			children = (
				49031AF5250804AD00EA084D /* LiveOnMars.app */,
				49031B06250804AE00EA084D /* LiveOnMarsTests.xctest */,
				49031B11250804AE00EA084D /* LiveOnMarsUITests.xctest */,
			);
			name = Products;
			sourceTree = "<group>";
		};
		49031AF7250804AD00EA084D /* LiveOnMars */ = {
			isa = PBXGroup;
			children = (
				49031AF8250804AD00EA084D /* LiveOnMarsApp.swift */,
				49031AFC250804AD00EA084D /* Assets.xcassets */,
				49031B01250804AD00EA084D /* Info.plist */,
				49031AFE250804AD00EA084D /* Preview Content */,
			);
			path = LiveOnMars;
			sourceTree = "<group>";
		};
		49031AFE250804AD00EA084D /* Preview Content */ = {
			isa = PBXGroup;
			children = (
				49031AFF250804AD00EA084D /* Preview Assets.xcassets */,
			);
			path = "Preview Content";
			sourceTree = "<group>";
		};
		49031B09250804AE00EA084D /* LiveOnMarsTests */ = {
			isa = PBXGroup;
			children = (
				49031B0A250804AE00EA084D /* LiveOnMarsTests.swift */,
				49031B0C250804AE00EA084D /* Info.plist */,
			);
			path = LiveOnMarsTests;
			sourceTree = "<group>";
		};
		49031B14250804AE00EA084D /* LiveOnMarsUITests */ = {
			isa = PBXGroup;
			children = (
				49031B15250804AE00EA084D /* LiveOnMarsUITests.swift */,
				49031B17250804AE00EA084D /* Info.plist */,
			);
			path = LiveOnMarsUITests;
			sourceTree = "<group>";
		};
		49031B2725091ABC00EA084D /* Views */ = {
			isa = PBXGroup;
			children = (
				49031AFA250804AD00EA084D /* ContentView.swift */,
				4932290F258C074900601CEC /* NASA ImageViews */,
				4932290E258C072E00601CEC /* NewsViews */,
			);
			path = Views;
			sourceTree = "<group>";
		};
		4932290E258C072E00601CEC /* NewsViews */ = {
			isa = PBXGroup;
			children = (
				49031B2325091A3A00EA084D /* NewsView.swift */,
				4943AF37257DC02200AEB63F /* NewsItemView.swift */,
				49FED0D32550D0D90012B978 /* URLImageView.swift */,
				491AD09B257F1E5F006151E8 /* ArticleView.swift */,
			);
			path = NewsViews;
			sourceTree = "<group>";
		};
		4932290F258C074900601CEC /* NASA ImageViews */ = {
			isa = PBXGroup;
			children = (
				49031B2525091AB200EA084D /* PhotoView.swift */,
				4932293C258C3B5600601CEC /* DisplayPhotosView.swift */,
				49322910258C07F000601CEC /* NASAImageView.swift */,
			);
			path = "NASA ImageViews";
			sourceTree = "<group>";
		};
		4943AF2B257DAFA100AEB63F /* ImageNetworking */ = {
			isa = PBXGroup;
			children = (
				4932291F258C276100601CEC /* PhotoAPIResponse.swift */,
				4943AF2C257DB01A00AEB63F /* MarsImageItem.swift */,
				4943AF26257DAD1B00AEB63F /* MarsImageModel.swift */,
			);
			path = ImageNetworking;
			sourceTree = "<group>";
		};
		494E96FC258A6DDF00BC14F9 /* WebView */ = {
			isa = PBXGroup;
			children = (
				494E970A258A799100BC14F9 /* WebViewStateModel.swift */,
				494E9705258A6E8000BC14F9 /* WebViewWrapper.swift */,
				494E9712258A79C200BC14F9 /* WebView.swift */,
			);
			path = WebView;
			sourceTree = "<group>";
		};
		499F1639254CF0FB00561450 /* Network */ = {
			isa = PBXGroup;
			children = (
				499F163A254CF11F00561450 /* NewsModel.swift */,
				49A2BF4C255349EE0047384B /* NewsListItem.swift */,
				49A2BF47255349CC0047384B /* NewsAPIResponse.swift */,
			);
			path = Network;
			sourceTree = "<group>";
		};
		49A2BF5425534A3E0047384B /* NetworkingImages */ = {
			isa = PBXGroup;
			children = (
				49A2BF42255349340047384B /* ImageCache.swift */,
				495EA3D825522C6200916474 /* ImageModel.swift */,
			);
			path = NetworkingImages;
			sourceTree = "<group>";
		};
		49FED0D82550D34D0012B978 /* Assets */ = {
			isa = PBXGroup;
			children = (
				49FED0D92550D3940012B978 /* newsPlaceholder.png */,
			);
			path = Assets;
			sourceTree = "<group>";
		};
		5A145C687926C781A659F31F /* Frameworks */ = {
			isa = PBXGroup;
			children = (
				E43A2B86DFCD2778952A4493 /* libPods-LiveOnMars.a */,
				A60510A35750C51922D89F9F /* libPods-LiveOnMars-LiveOnMarsUITests.a */,
				F0E9881F59E83810AD6930F4 /* libPods-LiveOnMarsTests.a */,
			);
			name = Frameworks;
			sourceTree = "<group>";
		};
/* End PBXGroup section */

/* Begin PBXNativeTarget section */
		49031AF4250804AC00EA084D /* LiveOnMars */ = {
			isa = PBXNativeTarget;
			buildConfigurationList = 49031B1A250804AE00EA084D /* Build configuration list for PBXNativeTarget "LiveOnMars" */;
			buildPhases = (
				757B9C8F8262A5164B2287BA /* [CP] Check Pods Manifest.lock */,
				49031AF1250804AC00EA084D /* Sources */,
				49031AF2250804AC00EA084D /* Frameworks */,
				49031AF3250804AC00EA084D /* Resources */,
			);
			buildRules = (
			);
			dependencies = (
			);
			name = LiveOnMars;
			productName = LiveOnMars;
			productReference = 49031AF5250804AD00EA084D /* LiveOnMars.app */;
			productType = "com.apple.product-type.application";
		};
		49031B05250804AE00EA084D /* LiveOnMarsTests */ = {
			isa = PBXNativeTarget;
			buildConfigurationList = 49031B1D250804AE00EA084D /* Build configuration list for PBXNativeTarget "LiveOnMarsTests" */;
			buildPhases = (
				A3B96CB7BC29F6152397EBF1 /* [CP] Check Pods Manifest.lock */,
				49031B02250804AE00EA084D /* Sources */,
				49031B03250804AE00EA084D /* Frameworks */,
				49031B04250804AE00EA084D /* Resources */,
			);
			buildRules = (
			);
			dependencies = (
				49031B08250804AE00EA084D /* PBXTargetDependency */,
			);
			name = LiveOnMarsTests;
			productName = LiveOnMarsTests;
			productReference = 49031B06250804AE00EA084D /* LiveOnMarsTests.xctest */;
			productType = "com.apple.product-type.bundle.unit-test";
		};
		49031B10250804AE00EA084D /* LiveOnMarsUITests */ = {
			isa = PBXNativeTarget;
			buildConfigurationList = 49031B20250804AE00EA084D /* Build configuration list for PBXNativeTarget "LiveOnMarsUITests" */;
			buildPhases = (
				DC2745106B37F9B6122CB6AC /* [CP] Check Pods Manifest.lock */,
				49031B0D250804AE00EA084D /* Sources */,
				49031B0E250804AE00EA084D /* Frameworks */,
				49031B0F250804AE00EA084D /* Resources */,
			);
			buildRules = (
			);
			dependencies = (
				49031B13250804AE00EA084D /* PBXTargetDependency */,
			);
			name = LiveOnMarsUITests;
			productName = LiveOnMarsUITests;
			productReference = 49031B11250804AE00EA084D /* LiveOnMarsUITests.xctest */;
			productType = "com.apple.product-type.bundle.ui-testing";
		};
/* End PBXNativeTarget section */

/* Begin PBXProject section */
		49031AED250804AC00EA084D /* Project object */ = {
			isa = PBXProject;
			attributes = {
				LastSwiftUpdateCheck = 1200;
				LastUpgradeCheck = 1200;
				TargetAttributes = {
					49031AF4250804AC00EA084D = {
						CreatedOnToolsVersion = 12.0;
					};
					49031B05250804AE00EA084D = {
						CreatedOnToolsVersion = 12.0;
						TestTargetID = 49031AF4250804AC00EA084D;
					};
					49031B10250804AE00EA084D = {
						CreatedOnToolsVersion = 12.0;
						TestTargetID = 49031AF4250804AC00EA084D;
					};
				};
			};
			buildConfigurationList = 49031AF0250804AC00EA084D /* Build configuration list for PBXProject "LiveOnMars" */;
			compatibilityVersion = "Xcode 9.3";
			developmentRegion = en;
			hasScannedForEncodings = 0;
			knownRegions = (
				en,
				Base,
			);
			mainGroup = 49031AEC250804AC00EA084D;
			productRefGroup = 49031AF6250804AD00EA084D /* Products */;
			projectDirPath = "";
			projectRoot = "";
			targets = (
				49031AF4250804AC00EA084D /* LiveOnMars */,
				49031B05250804AE00EA084D /* LiveOnMarsTests */,
				49031B10250804AE00EA084D /* LiveOnMarsUITests */,
			);
		};
/* End PBXProject section */

/* Begin PBXResourcesBuildPhase section */
		49031AF3250804AC00EA084D /* Resources */ = {
			isa = PBXResourcesBuildPhase;
			buildActionMask = 2147483647;
			files = (
				49031B00250804AD00EA084D /* Preview Assets.xcassets in Resources */,
				49031AFD250804AD00EA084D /* Assets.xcassets in Resources */,
				49FED0DA2550D3940012B978 /* newsPlaceholder.png in Resources */,
			);
			runOnlyForDeploymentPostprocessing = 0;
		};
		49031B04250804AE00EA084D /* Resources */ = {
			isa = PBXResourcesBuildPhase;
			buildActionMask = 2147483647;
			files = (
				49FED0DB2550D3940012B978 /* newsPlaceholder.png in Resources */,
			);
			runOnlyForDeploymentPostprocessing = 0;
		};
		49031B0F250804AE00EA084D /* Resources */ = {
			isa = PBXResourcesBuildPhase;
			buildActionMask = 2147483647;
			files = (
				49FED0DC2550D3940012B978 /* newsPlaceholder.png in Resources */,
			);
			runOnlyForDeploymentPostprocessing = 0;
		};
/* End PBXResourcesBuildPhase section */

/* Begin PBXShellScriptBuildPhase section */
		757B9C8F8262A5164B2287BA /* [CP] Check Pods Manifest.lock */ = {
			isa = PBXShellScriptBuildPhase;
			buildActionMask = 2147483647;
			files = (
			);
			inputFileListPaths = (
			);
			inputPaths = (
				"${PODS_PODFILE_DIR_PATH}/Podfile.lock",
				"${PODS_ROOT}/Manifest.lock",
			);
			name = "[CP] Check Pods Manifest.lock";
			outputFileListPaths = (
			);
			outputPaths = (
				"$(DERIVED_FILE_DIR)/Pods-LiveOnMars-checkManifestLockResult.txt",
			);
			runOnlyForDeploymentPostprocessing = 0;
			shellPath = /bin/sh;
			shellScript = "diff \"${PODS_PODFILE_DIR_PATH}/Podfile.lock\" \"${PODS_ROOT}/Manifest.lock\" > /dev/null\nif [ $? != 0 ] ; then\n    # print error to STDERR\n    echo \"error: The sandbox is not in sync with the Podfile.lock. Run 'pod install' or update your CocoaPods installation.\" >&2\n    exit 1\nfi\n# This output is used by Xcode 'outputs' to avoid re-running this script phase.\necho \"SUCCESS\" > \"${SCRIPT_OUTPUT_FILE_0}\"\n";
			showEnvVarsInLog = 0;
		};
		A3B96CB7BC29F6152397EBF1 /* [CP] Check Pods Manifest.lock */ = {
			isa = PBXShellScriptBuildPhase;
			buildActionMask = 2147483647;
			files = (
			);
			inputFileListPaths = (
			);
			inputPaths = (
				"${PODS_PODFILE_DIR_PATH}/Podfile.lock",
				"${PODS_ROOT}/Manifest.lock",
			);
			name = "[CP] Check Pods Manifest.lock";
			outputFileListPaths = (
			);
			outputPaths = (
				"$(DERIVED_FILE_DIR)/Pods-LiveOnMarsTests-checkManifestLockResult.txt",
			);
			runOnlyForDeploymentPostprocessing = 0;
			shellPath = /bin/sh;
			shellScript = "diff \"${PODS_PODFILE_DIR_PATH}/Podfile.lock\" \"${PODS_ROOT}/Manifest.lock\" > /dev/null\nif [ $? != 0 ] ; then\n    # print error to STDERR\n    echo \"error: The sandbox is not in sync with the Podfile.lock. Run 'pod install' or update your CocoaPods installation.\" >&2\n    exit 1\nfi\n# This output is used by Xcode 'outputs' to avoid re-running this script phase.\necho \"SUCCESS\" > \"${SCRIPT_OUTPUT_FILE_0}\"\n";
			showEnvVarsInLog = 0;
		};
		DC2745106B37F9B6122CB6AC /* [CP] Check Pods Manifest.lock */ = {
			isa = PBXShellScriptBuildPhase;
			buildActionMask = 2147483647;
			files = (
			);
			inputFileListPaths = (
			);
			inputPaths = (
				"${PODS_PODFILE_DIR_PATH}/Podfile.lock",
				"${PODS_ROOT}/Manifest.lock",
			);
			name = "[CP] Check Pods Manifest.lock";
			outputFileListPaths = (
			);
			outputPaths = (
				"$(DERIVED_FILE_DIR)/Pods-LiveOnMars-LiveOnMarsUITests-checkManifestLockResult.txt",
			);
			runOnlyForDeploymentPostprocessing = 0;
			shellPath = /bin/sh;
			shellScript = "diff \"${PODS_PODFILE_DIR_PATH}/Podfile.lock\" \"${PODS_ROOT}/Manifest.lock\" > /dev/null\nif [ $? != 0 ] ; then\n    # print error to STDERR\n    echo \"error: The sandbox is not in sync with the Podfile.lock. Run 'pod install' or update your CocoaPods installation.\" >&2\n    exit 1\nfi\n# This output is used by Xcode 'outputs' to avoid re-running this script phase.\necho \"SUCCESS\" > \"${SCRIPT_OUTPUT_FILE_0}\"\n";
			showEnvVarsInLog = 0;
		};
/* End PBXShellScriptBuildPhase section */

/* Begin PBXSourcesBuildPhase section */
		49031AF1250804AC00EA084D /* Sources */ = {
			isa = PBXSourcesBuildPhase;
			buildActionMask = 2147483647;
			files = (
				4932293D258C3B5600601CEC /* DisplayPhotosView.swift in Sources */,
				494E970B258A799100BC14F9 /* WebViewStateModel.swift in Sources */,
				49322920258C276100601CEC /* PhotoAPIResponse.swift in Sources */,
				49031B2425091A3A00EA084D /* NewsView.swift in Sources */,
				49031AFB250804AD00EA084D /* ContentView.swift in Sources */,
				49A2BF43255349340047384B /* ImageCache.swift in Sources */,
				49A2BF48255349CC0047384B /* NewsAPIResponse.swift in Sources */,
				49FED0D42550D0D90012B978 /* URLImageView.swift in Sources */,
				491AD09C257F1E5F006151E8 /* ArticleView.swift in Sources */,
				49A2BF4D255349EE0047384B /* NewsListItem.swift in Sources */,
				4943AF27257DAD1B00AEB63F /* MarsImageModel.swift in Sources */,
				494E9706258A6E8000BC14F9 /* WebViewWrapper.swift in Sources */,
				499F163B254CF11F00561450 /* NewsModel.swift in Sources */,
				49322911258C07F000601CEC /* NASAImageView.swift in Sources */,
				494E9713258A79C200BC14F9 /* WebView.swift in Sources */,
				49031AF9250804AD00EA084D /* LiveOnMarsApp.swift in Sources */,
				49031B2625091AB200EA084D /* PhotoView.swift in Sources */,
				495EA3D925522C6200916474 /* ImageModel.swift in Sources */,
				4943AF38257DC02200AEB63F /* NewsItemView.swift in Sources */,
				4943AF2D257DB01A00AEB63F /* MarsImageItem.swift in Sources */,
			);
			runOnlyForDeploymentPostprocessing = 0;
		};
		49031B02250804AE00EA084D /* Sources */ = {
			isa = PBXSourcesBuildPhase;
			buildActionMask = 2147483647;
			files = (
				49031B0B250804AE00EA084D /* LiveOnMarsTests.swift in Sources */,
			);
			runOnlyForDeploymentPostprocessing = 0;
		};
		49031B0D250804AE00EA084D /* Sources */ = {
			isa = PBXSourcesBuildPhase;
			buildActionMask = 2147483647;
			files = (
				49031B16250804AE00EA084D /* LiveOnMarsUITests.swift in Sources */,
			);
			runOnlyForDeploymentPostprocessing = 0;
		};
/* End PBXSourcesBuildPhase section */

/* Begin PBXTargetDependency section */
		49031B08250804AE00EA084D /* PBXTargetDependency */ = {
			isa = PBXTargetDependency;
			target = 49031AF4250804AC00EA084D /* LiveOnMars */;
			targetProxy = 49031B07250804AE00EA084D /* PBXContainerItemProxy */;
		};
		49031B13250804AE00EA084D /* PBXTargetDependency */ = {
			isa = PBXTargetDependency;
			target = 49031AF4250804AC00EA084D /* LiveOnMars */;
			targetProxy = 49031B12250804AE00EA084D /* PBXContainerItemProxy */;
		};
/* End PBXTargetDependency section */

/* Begin XCBuildConfiguration section */
		49031B18250804AE00EA084D /* Debug */ = {
			isa = XCBuildConfiguration;
			buildSettings = {
				ALWAYS_SEARCH_USER_PATHS = NO;
				CLANG_ANALYZER_NONNULL = YES;
				CLANG_ANALYZER_NUMBER_OBJECT_CONVERSION = YES_AGGRESSIVE;
				CLANG_CXX_LANGUAGE_STANDARD = "gnu++14";
				CLANG_CXX_LIBRARY = "libc++";
				CLANG_ENABLE_MODULES = YES;
				CLANG_ENABLE_OBJC_ARC = YES;
				CLANG_ENABLE_OBJC_WEAK = YES;
				CLANG_WARN_BLOCK_CAPTURE_AUTORELEASING = YES;
				CLANG_WARN_BOOL_CONVERSION = YES;
				CLANG_WARN_COMMA = YES;
				CLANG_WARN_CONSTANT_CONVERSION = YES;
				CLANG_WARN_DEPRECATED_OBJC_IMPLEMENTATIONS = YES;
				CLANG_WARN_DIRECT_OBJC_ISA_USAGE = YES_ERROR;
				CLANG_WARN_DOCUMENTATION_COMMENTS = YES;
				CLANG_WARN_EMPTY_BODY = YES;
				CLANG_WARN_ENUM_CONVERSION = YES;
				CLANG_WARN_INFINITE_RECURSION = YES;
				CLANG_WARN_INT_CONVERSION = YES;
				CLANG_WARN_NON_LITERAL_NULL_CONVERSION = YES;
				CLANG_WARN_OBJC_IMPLICIT_RETAIN_SELF = YES;
				CLANG_WARN_OBJC_LITERAL_CONVERSION = YES;
				CLANG_WARN_OBJC_ROOT_CLASS = YES_ERROR;
				CLANG_WARN_QUOTED_INCLUDE_IN_FRAMEWORK_HEADER = YES;
				CLANG_WARN_RANGE_LOOP_ANALYSIS = YES;
				CLANG_WARN_STRICT_PROTOTYPES = YES;
				CLANG_WARN_SUSPICIOUS_MOVE = YES;
				CLANG_WARN_UNGUARDED_AVAILABILITY = YES_AGGRESSIVE;
				CLANG_WARN_UNREACHABLE_CODE = YES;
				CLANG_WARN__DUPLICATE_METHOD_MATCH = YES;
				COPY_PHASE_STRIP = NO;
				DEBUG_INFORMATION_FORMAT = dwarf;
				ENABLE_STRICT_OBJC_MSGSEND = YES;
				ENABLE_TESTABILITY = YES;
				GCC_C_LANGUAGE_STANDARD = gnu11;
				GCC_DYNAMIC_NO_PIC = NO;
				GCC_NO_COMMON_BLOCKS = YES;
				GCC_OPTIMIZATION_LEVEL = 0;
				GCC_PREPROCESSOR_DEFINITIONS = (
					"DEBUG=1",
					"$(inherited)",
				);
				GCC_WARN_64_TO_32_BIT_CONVERSION = YES;
				GCC_WARN_ABOUT_RETURN_TYPE = YES_ERROR;
				GCC_WARN_UNDECLARED_SELECTOR = YES;
				GCC_WARN_UNINITIALIZED_AUTOS = YES_AGGRESSIVE;
				GCC_WARN_UNUSED_FUNCTION = YES;
				GCC_WARN_UNUSED_VARIABLE = YES;
				IPHONEOS_DEPLOYMENT_TARGET = 14.0;
				MTL_ENABLE_DEBUG_INFO = INCLUDE_SOURCE;
				MTL_FAST_MATH = YES;
				ONLY_ACTIVE_ARCH = YES;
				SDKROOT = iphoneos;
				SWIFT_ACTIVE_COMPILATION_CONDITIONS = DEBUG;
				SWIFT_OPTIMIZATION_LEVEL = "-Onone";
			};
			name = Debug;
		};
		49031B19250804AE00EA084D /* Release */ = {
			isa = XCBuildConfiguration;
			buildSettings = {
				ALWAYS_SEARCH_USER_PATHS = NO;
				CLANG_ANALYZER_NONNULL = YES;
				CLANG_ANALYZER_NUMBER_OBJECT_CONVERSION = YES_AGGRESSIVE;
				CLANG_CXX_LANGUAGE_STANDARD = "gnu++14";
				CLANG_CXX_LIBRARY = "libc++";
				CLANG_ENABLE_MODULES = YES;
				CLANG_ENABLE_OBJC_ARC = YES;
				CLANG_ENABLE_OBJC_WEAK = YES;
				CLANG_WARN_BLOCK_CAPTURE_AUTORELEASING = YES;
				CLANG_WARN_BOOL_CONVERSION = YES;
				CLANG_WARN_COMMA = YES;
				CLANG_WARN_CONSTANT_CONVERSION = YES;
				CLANG_WARN_DEPRECATED_OBJC_IMPLEMENTATIONS = YES;
				CLANG_WARN_DIRECT_OBJC_ISA_USAGE = YES_ERROR;
				CLANG_WARN_DOCUMENTATION_COMMENTS = YES;
				CLANG_WARN_EMPTY_BODY = YES;
				CLANG_WARN_ENUM_CONVERSION = YES;
				CLANG_WARN_INFINITE_RECURSION = YES;
				CLANG_WARN_INT_CONVERSION = YES;
				CLANG_WARN_NON_LITERAL_NULL_CONVERSION = YES;
				CLANG_WARN_OBJC_IMPLICIT_RETAIN_SELF = YES;
				CLANG_WARN_OBJC_LITERAL_CONVERSION = YES;
				CLANG_WARN_OBJC_ROOT_CLASS = YES_ERROR;
				CLANG_WARN_QUOTED_INCLUDE_IN_FRAMEWORK_HEADER = YES;
				CLANG_WARN_RANGE_LOOP_ANALYSIS = YES;
				CLANG_WARN_STRICT_PROTOTYPES = YES;
				CLANG_WARN_SUSPICIOUS_MOVE = YES;
				CLANG_WARN_UNGUARDED_AVAILABILITY = YES_AGGRESSIVE;
				CLANG_WARN_UNREACHABLE_CODE = YES;
				CLANG_WARN__DUPLICATE_METHOD_MATCH = YES;
				COPY_PHASE_STRIP = NO;
				DEBUG_INFORMATION_FORMAT = "dwarf-with-dsym";
				ENABLE_NS_ASSERTIONS = NO;
				ENABLE_STRICT_OBJC_MSGSEND = YES;
				GCC_C_LANGUAGE_STANDARD = gnu11;
				GCC_NO_COMMON_BLOCKS = YES;
				GCC_WARN_64_TO_32_BIT_CONVERSION = YES;
				GCC_WARN_ABOUT_RETURN_TYPE = YES_ERROR;
				GCC_WARN_UNDECLARED_SELECTOR = YES;
				GCC_WARN_UNINITIALIZED_AUTOS = YES_AGGRESSIVE;
				GCC_WARN_UNUSED_FUNCTION = YES;
				GCC_WARN_UNUSED_VARIABLE = YES;
				IPHONEOS_DEPLOYMENT_TARGET = 14.0;
				MTL_ENABLE_DEBUG_INFO = NO;
				MTL_FAST_MATH = YES;
				SDKROOT = iphoneos;
				SWIFT_COMPILATION_MODE = wholemodule;
				SWIFT_OPTIMIZATION_LEVEL = "-O";
				VALIDATE_PRODUCT = YES;
			};
			name = Release;
		};
		49031B1B250804AE00EA084D /* Debug */ = {
			isa = XCBuildConfiguration;
			baseConfigurationReference = 0416EF0C08BAE53DF8AB42ED /* Pods-LiveOnMars.debug.xcconfig */;
			buildSettings = {
				ASSETCATALOG_COMPILER_APPICON_NAME = AppIcon;
				ASSETCATALOG_COMPILER_GLOBAL_ACCENT_COLOR_NAME = AccentColor;
				CODE_SIGN_STYLE = Automatic;
				DEVELOPMENT_ASSET_PATHS = "\"LiveOnMars/Preview Content\"";
				DEVELOPMENT_TEAM = YU65V62LAA;
				ENABLE_PREVIEWS = YES;
				INFOPLIST_FILE = LiveOnMars/Info.plist;
				IPHONEOS_DEPLOYMENT_TARGET = 14.0;
				LD_RUNPATH_SEARCH_PATHS = (
					"$(inherited)",
					"@executable_path/Frameworks",
				);
				PRODUCT_BUNDLE_IDENTIFIER = Personal.LiveOnMars;
				PRODUCT_NAME = "$(TARGET_NAME)";
				SWIFT_VERSION = 5.0;
				TARGETED_DEVICE_FAMILY = "1,2";
			};
			name = Debug;
		};
		49031B1C250804AE00EA084D /* Release */ = {
			isa = XCBuildConfiguration;
			baseConfigurationReference = D4250203B9AF1595A1CFA7DD /* Pods-LiveOnMars.release.xcconfig */;
			buildSettings = {
				ASSETCATALOG_COMPILER_APPICON_NAME = AppIcon;
				ASSETCATALOG_COMPILER_GLOBAL_ACCENT_COLOR_NAME = AccentColor;
				CODE_SIGN_STYLE = Automatic;
				DEVELOPMENT_ASSET_PATHS = "\"LiveOnMars/Preview Content\"";
				DEVELOPMENT_TEAM = YU65V62LAA;
				ENABLE_PREVIEWS = YES;
				INFOPLIST_FILE = LiveOnMars/Info.plist;
				IPHONEOS_DEPLOYMENT_TARGET = 14.0;
				LD_RUNPATH_SEARCH_PATHS = (
					"$(inherited)",
					"@executable_path/Frameworks",
				);
				PRODUCT_BUNDLE_IDENTIFIER = Personal.LiveOnMars;
				PRODUCT_NAME = "$(TARGET_NAME)";
				SWIFT_VERSION = 5.0;
				TARGETED_DEVICE_FAMILY = "1,2";
			};
			name = Release;
		};
		49031B1E250804AE00EA084D /* Debug */ = {
			isa = XCBuildConfiguration;
			baseConfigurationReference = B9425A42B2E1C2AE5BA375C1 /* Pods-LiveOnMarsTests.debug.xcconfig */;
			buildSettings = {
				ALWAYS_EMBED_SWIFT_STANDARD_LIBRARIES = YES;
				BUNDLE_LOADER = "$(TEST_HOST)";
				CODE_SIGN_STYLE = Automatic;
				DEVELOPMENT_TEAM = YU65V62LAA;
				INFOPLIST_FILE = LiveOnMarsTests/Info.plist;
				IPHONEOS_DEPLOYMENT_TARGET = 14.0;
				LD_RUNPATH_SEARCH_PATHS = (
					"$(inherited)",
					"@executable_path/Frameworks",
					"@loader_path/Frameworks",
				);
				PRODUCT_BUNDLE_IDENTIFIER = Personal.LiveOnMarsTests;
				PRODUCT_NAME = "$(TARGET_NAME)";
				SWIFT_VERSION = 5.0;
				TARGETED_DEVICE_FAMILY = "1,2";
				TEST_HOST = "$(BUILT_PRODUCTS_DIR)/LiveOnMars.app/LiveOnMars";
			};
			name = Debug;
		};
		49031B1F250804AE00EA084D /* Release */ = {
			isa = XCBuildConfiguration;
			baseConfigurationReference = 2E468AB0DB2276B1A295B43E /* Pods-LiveOnMarsTests.release.xcconfig */;
			buildSettings = {
				ALWAYS_EMBED_SWIFT_STANDARD_LIBRARIES = YES;
				BUNDLE_LOADER = "$(TEST_HOST)";
				CODE_SIGN_STYLE = Automatic;
				DEVELOPMENT_TEAM = YU65V62LAA;
				INFOPLIST_FILE = LiveOnMarsTests/Info.plist;
				IPHONEOS_DEPLOYMENT_TARGET = 14.0;
				LD_RUNPATH_SEARCH_PATHS = (
					"$(inherited)",
					"@executable_path/Frameworks",
					"@loader_path/Frameworks",
				);
				PRODUCT_BUNDLE_IDENTIFIER = Personal.LiveOnMarsTests;
				PRODUCT_NAME = "$(TARGET_NAME)";
				SWIFT_VERSION = 5.0;
				TARGETED_DEVICE_FAMILY = "1,2";
				TEST_HOST = "$(BUILT_PRODUCTS_DIR)/LiveOnMars.app/LiveOnMars";
			};
			name = Release;
		};
		49031B21250804AE00EA084D /* Debug */ = {
			isa = XCBuildConfiguration;
			baseConfigurationReference = CC6099DBD1BFB060355EFB29 /* Pods-LiveOnMars-LiveOnMarsUITests.debug.xcconfig */;
			buildSettings = {
				ALWAYS_EMBED_SWIFT_STANDARD_LIBRARIES = YES;
				CODE_SIGN_STYLE = Automatic;
				DEVELOPMENT_TEAM = YU65V62LAA;
				INFOPLIST_FILE = LiveOnMarsUITests/Info.plist;
				LD_RUNPATH_SEARCH_PATHS = (
					"$(inherited)",
					"@executable_path/Frameworks",
					"@loader_path/Frameworks",
				);
				PRODUCT_BUNDLE_IDENTIFIER = Personal.LiveOnMarsUITests;
				PRODUCT_NAME = "$(TARGET_NAME)";
				SWIFT_VERSION = 5.0;
				TARGETED_DEVICE_FAMILY = "1,2";
				TEST_TARGET_NAME = LiveOnMars;
			};
			name = Debug;
		};
		49031B22250804AE00EA084D /* Release */ = {
			isa = XCBuildConfiguration;
			baseConfigurationReference = 39E57A0C1DFD2B8709D85D73 /* Pods-LiveOnMars-LiveOnMarsUITests.release.xcconfig */;
			buildSettings = {
				ALWAYS_EMBED_SWIFT_STANDARD_LIBRARIES = YES;
				CODE_SIGN_STYLE = Automatic;
				DEVELOPMENT_TEAM = YU65V62LAA;
				INFOPLIST_FILE = LiveOnMarsUITests/Info.plist;
				LD_RUNPATH_SEARCH_PATHS = (
					"$(inherited)",
					"@executable_path/Frameworks",
					"@loader_path/Frameworks",
				);
				PRODUCT_BUNDLE_IDENTIFIER = Personal.LiveOnMarsUITests;
				PRODUCT_NAME = "$(TARGET_NAME)";
				SWIFT_VERSION = 5.0;
				TARGETED_DEVICE_FAMILY = "1,2";
				TEST_TARGET_NAME = LiveOnMars;
			};
			name = Release;
		};
/* End XCBuildConfiguration section */

/* Begin XCConfigurationList section */
		49031AF0250804AC00EA084D /* Build configuration list for PBXProject "LiveOnMars" */ = {
			isa = XCConfigurationList;
			buildConfigurations = (
				49031B18250804AE00EA084D /* Debug */,
				49031B19250804AE00EA084D /* Release */,
			);
			defaultConfigurationIsVisible = 0;
			defaultConfigurationName = Release;
		};
		49031B1A250804AE00EA084D /* Build configuration list for PBXNativeTarget "LiveOnMars" */ = {
			isa = XCConfigurationList;
			buildConfigurations = (
				49031B1B250804AE00EA084D /* Debug */,
				49031B1C250804AE00EA084D /* Release */,
			);
			defaultConfigurationIsVisible = 0;
			defaultConfigurationName = Release;
		};
		49031B1D250804AE00EA084D /* Build configuration list for PBXNativeTarget "LiveOnMarsTests" */ = {
			isa = XCConfigurationList;
			buildConfigurations = (
				49031B1E250804AE00EA084D /* Debug */,
				49031B1F250804AE00EA084D /* Release */,
			);
			defaultConfigurationIsVisible = 0;
			defaultConfigurationName = Release;
		};
		49031B20250804AE00EA084D /* Build configuration list for PBXNativeTarget "LiveOnMarsUITests" */ = {
			isa = XCConfigurationList;
			buildConfigurations = (
				49031B21250804AE00EA084D /* Debug */,
				49031B22250804AE00EA084D /* Release */,
			);
			defaultConfigurationIsVisible = 0;
			defaultConfigurationName = Release;
		};
/* End XCConfigurationList section */
	};
	rootObject = 49031AED250804AC00EA084D /* Project object */;
}
